
Microsoft Visual Studio Solution File, Format Version 12.00
# Visual Studio Version 16
VisualStudioVersion = 16.0.29424.173
MinimumVisualStudioVersion = 10.0.40219.1
Project("{FAE04EC0-301F-11D3-BF4B-00C04F79EFBC}") = "WpfApp1", "WpfApp1\WpfApp1.csproj", "{1445FA0A-48CC-4AA9-97F6-074ED393F6A5}"
EndProject
Global
	GlobalSection(SolutionConfigurationPlatforms) = preSolution
		Debug|Any CPU = Debug|Any CPU
		Release|Any CPU = Release|Any CPU
	EndGlobalSection
	GlobalSection(ProjectConfigurationPlatforms) = postSolution
		{1445FA0A-48CC-4AA9-97F6-074ED393F6A5}.Debug|Any CPU.ActiveCfg = Debug|Any CPU
		{1445FA0A-48CC-4AA9-97F6-074ED393F6A5}.Debug|Any CPU.Build.0 = Debug|Any CPU
		{1445FA0A-48CC-4AA9-97F6-074ED393F6A5}.Release|Any CPU.ActiveCfg = Release|Any CPU
		{1445FA0A-48CC-4AA9-97F6-074ED393F6A5}.Release|Any CPU.Build.0 = Release|Any CPU
	EndGlobalSection
	GlobalSection(SolutionProperties) = preSolution
		HideSolutionNode = FALSE
	EndGlobalSection
	GlobalSection(ExtensibilityGlobals) = postSolution
		SolutionGuid = {4FB72E72-5F27-4A5D-8A1B-B36D7B2520EF}
	EndGlobalSection
EndGlobal
